
Microsoft Visual Studio Solution File, Format Version 12.00
# Visual Studio Version 16
VisualStudioVersion = 16.0.30204.135
MinimumVisualStudioVersion = 10.0.40219.1
Project("{FAE04EC0-301F-11D3-BF4B-00C04F79EFBC}") = "AccessingThirdPartyDotNetAssembly", "AccessingThirdPartyDotNetAssembly\AccessingThirdPartyDotNetAssembly.csproj", "{70625BF5-465D-4418-9744-96B0CEFAAB4C}"
EndProject
Project("{FAE04EC0-301F-11D3-BF4B-00C04F79EFBC}") = "NetworkingTools", "NetworkingTools\NetworkingTools.csproj", "{D3F8A116-79BD-4118-AC07-8525A87B00BD}"
EndProject
Global
	GlobalSection(SolutionConfigurationPlatforms) = preSolution
		Debug|Any CPU = Debug|Any CPU
		Release|Any CPU = Release|Any CPU
	EndGlobalSection
	GlobalSection(ProjectConfigurationPlatforms) = postSolution
		{70625BF5-465D-4418-9744-96B0CEFAAB4C}.Debug|Any CPU.ActiveCfg = Debug|Any CPU
		{70625BF5-465D-4418-9744-96B0CEFAAB4C}.Debug|Any CPU.Build.0 = Debug|Any CPU
		{70625BF5-465D-4418-9744-96B0CEFAAB4C}.Release|Any CPU.ActiveCfg = Release|Any CPU
		{70625BF5-465D-4418-9744-96B0CEFAAB4C}.Release|Any CPU.Build.0 = Release|Any CPU
		{D3F8A116-79BD-4118-AC07-8525A87B00BD}.Debug|Any CPU.ActiveCfg = Debug|Any CPU
		{D3F8A116-79BD-4118-AC07-8525A87B00BD}.Debug|Any CPU.Build.0 = Debug|Any CPU
		{D3F8A116-79BD-4118-AC07-8525A87B00BD}.Release|Any CPU.ActiveCfg = Release|Any CPU
		{D3F8A116-79BD-4118-AC07-8525A87B00BD}.Release|Any CPU.Build.0 = Release|Any CPU
	EndGlobalSection
	GlobalSection(SolutionProperties) = preSolution
		HideSolutionNode = FALSE
	EndGlobalSection
	GlobalSection(ExtensibilityGlobals) = postSolution
		SolutionGuid = {A64C684F-27D7-4CCA-9285-5ADA4B9EB945}
	EndGlobalSection
EndGlobal
