
Microsoft Visual Studio Solution File, Format Version 12.00
# Visual Studio 14
VisualStudioVersion = 14.0.23107.0
MinimumVisualStudioVersion = 10.0.40219.1
Project("{FAE04EC0-301F-11D3-BF4B-00C04F79EFBC}") = "Pluralsight.Owin.Demo.Hosting", "Pluralsight.Owin.Demo.Hosting\Pluralsight.Owin.Demo.Hosting.csproj", "{7CA5A8F1-9409-48B6-9C7B-E85AA79C6C65}"
EndProject
Project("{FAE04EC0-301F-11D3-BF4B-00C04F79EFBC}") = "Pluralsight.Owin.Demo.Tests", "Pluralsight.Owin.Demo.Tests\Pluralsight.Owin.Demo.Tests.csproj", "{FE1431B9-D194-497E-B8ED-FAF44DE773A9}"
EndProject
Global
	GlobalSection(SolutionConfigurationPlatforms) = preSolution
		Debug|Any CPU = Debug|Any CPU
		Release|Any CPU = Release|Any CPU
	EndGlobalSection
	GlobalSection(ProjectConfigurationPlatforms) = postSolution
		{7CA5A8F1-9409-48B6-9C7B-E85AA79C6C65}.Debug|Any CPU.ActiveCfg = Debug|Any CPU
		{7CA5A8F1-9409-48B6-9C7B-E85AA79C6C65}.Debug|Any CPU.Build.0 = Debug|Any CPU
		{7CA5A8F1-9409-48B6-9C7B-E85AA79C6C65}.Release|Any CPU.ActiveCfg = Release|Any CPU
		{7CA5A8F1-9409-48B6-9C7B-E85AA79C6C65}.Release|Any CPU.Build.0 = Release|Any CPU
		{FE1431B9-D194-497E-B8ED-FAF44DE773A9}.Debug|Any CPU.ActiveCfg = Debug|Any CPU
		{FE1431B9-D194-497E-B8ED-FAF44DE773A9}.Debug|Any CPU.Build.0 = Debug|Any CPU
		{FE1431B9-D194-497E-B8ED-FAF44DE773A9}.Release|Any CPU.ActiveCfg = Release|Any CPU
		{FE1431B9-D194-497E-B8ED-FAF44DE773A9}.Release|Any CPU.Build.0 = Release|Any CPU
	EndGlobalSection
	GlobalSection(SolutionProperties) = preSolution
		HideSolutionNode = FALSE
	EndGlobalSection
EndGlobal
